// !$*UTF8*$!
{
	archiveVersion = 1;
	classes = {
	};
	objectVersion = 56;
	objects = {

/* Begin PBXBuildFile section */
		809698D92BC0A71A008047CE /* StartView.swift in Sources */ = {isa = PBXBuildFile; fileRef = 809698D82BC0A71A008047CE /* StartView.swift */; };
		80D7F3A82BBF23D100526274 /* ScoreCounter Watch App.app in Embed Watch Content */ = {isa = PBXBuildFile; fileRef = 80D7F3A72BBF23D100526274 /* ScoreCounter Watch App.app */; settings = {ATTRIBUTES = (RemoveHeadersOnCopy, ); }; };
		80D7F3AD2BBF23D100526274 /* ScoreCounterApp.swift in Sources */ = {isa = PBXBuildFile; fileRef = 80D7F3AC2BBF23D100526274 /* ScoreCounterApp.swift */; };
		80D7F3AF2BBF23D100526274 /* CounterView.swift in Sources */ = {isa = PBXBuildFile; fileRef = 80D7F3AE2BBF23D100526274 /* CounterView.swift */; };
		80D7F3B12BBF23D300526274 /* Assets.xcassets in Resources */ = {isa = PBXBuildFile; fileRef = 80D7F3B02BBF23D300526274 /* Assets.xcassets */; };
		80D7F3B42BBF23D300526274 /* Preview Assets.xcassets in Resources */ = {isa = PBXBuildFile; fileRef = 80D7F3B32BBF23D300526274 /* Preview Assets.xcassets */; };
		E15B7D622BD57470007830BD /* GameViewModel.swift in Sources */ = {isa = PBXBuildFile; fileRef = E15B7D612BD57470007830BD /* GameViewModel.swift */; };
/* End PBXBuildFile section */

/* Begin PBXContainerItemProxy section */
		80D7F3A92BBF23D100526274 /* PBXContainerItemProxy */ = {
			isa = PBXContainerItemProxy;
			containerPortal = 80D7F39B2BBF23D100526274 /* Project object */;
			proxyType = 1;
			remoteGlobalIDString = 80D7F3A62BBF23D100526274;
			remoteInfo = "ScoreCounter Watch App";
		};
/* End PBXContainerItemProxy section */

/* Begin PBXCopyFilesBuildPhase section */
		80D7F3BA2BBF23D300526274 /* Embed Watch Content */ = {
			isa = PBXCopyFilesBuildPhase;
			buildActionMask = 2147483647;
			dstPath = "$(CONTENTS_FOLDER_PATH)/Watch";
			dstSubfolderSpec = 16;
			files = (
				80D7F3A82BBF23D100526274 /* ScoreCounter Watch App.app in Embed Watch Content */,
			);
			name = "Embed Watch Content";
			runOnlyForDeploymentPostprocessing = 0;
		};
/* End PBXCopyFilesBuildPhase section */

/* Begin PBXFileReference section */
		809698D82BC0A71A008047CE /* StartView.swift */ = {isa = PBXFileReference; lastKnownFileType = sourcecode.swift; path = StartView.swift; sourceTree = "<group>"; };
		80D7F3A12BBF23D100526274 /* ScoreCounter.app */ = {isa = PBXFileReference; explicitFileType = wrapper.application; includeInIndex = 0; path = ScoreCounter.app; sourceTree = BUILT_PRODUCTS_DIR; };
		80D7F3A72BBF23D100526274 /* ScoreCounter Watch App.app */ = {isa = PBXFileReference; explicitFileType = wrapper.application; includeInIndex = 0; path = "ScoreCounter Watch App.app"; sourceTree = BUILT_PRODUCTS_DIR; };
		80D7F3AC2BBF23D100526274 /* ScoreCounterApp.swift */ = {isa = PBXFileReference; lastKnownFileType = sourcecode.swift; path = ScoreCounterApp.swift; sourceTree = "<group>"; };
		80D7F3AE2BBF23D100526274 /* CounterView.swift */ = {isa = PBXFileReference; lastKnownFileType = sourcecode.swift; path = CounterView.swift; sourceTree = "<group>"; };
		80D7F3B02BBF23D300526274 /* Assets.xcassets */ = {isa = PBXFileReference; lastKnownFileType = folder.assetcatalog; path = Assets.xcassets; sourceTree = "<group>"; };
		80D7F3B32BBF23D300526274 /* Preview Assets.xcassets */ = {isa = PBXFileReference; lastKnownFileType = folder.assetcatalog; path = "Preview Assets.xcassets"; sourceTree = "<group>"; };
		E15B7D612BD57470007830BD /* GameViewModel.swift */ = {isa = PBXFileReference; lastKnownFileType = sourcecode.swift; path = GameViewModel.swift; sourceTree = "<group>"; };
		E15B7D672BD57FA5007830BD /* ScoreCounter-Watch-App-Info.plist */ = {isa = PBXFileReference; lastKnownFileType = text.plist.xml; path = "ScoreCounter-Watch-App-Info.plist"; sourceTree = SOURCE_ROOT; };
/* End PBXFileReference section */

/* Begin PBXFrameworksBuildPhase section */
		80D7F3A42BBF23D100526274 /* Frameworks */ = {
			isa = PBXFrameworksBuildPhase;
			buildActionMask = 2147483647;
			files = (
			);
			runOnlyForDeploymentPostprocessing = 0;
		};
/* End PBXFrameworksBuildPhase section */

/* Begin PBXGroup section */
		80D7F39A2BBF23D100526274 = {
			isa = PBXGroup;
			children = (
				80D7F3AB2BBF23D100526274 /* ScoreCounter Watch App */,
				80D7F3A22BBF23D100526274 /* Products */,
			);
			sourceTree = "<group>";
		};
		80D7F3A22BBF23D100526274 /* Products */ = {
			isa = PBXGroup;
			children = (
				80D7F3A12BBF23D100526274 /* ScoreCounter.app */,
				80D7F3A72BBF23D100526274 /* ScoreCounter Watch App.app */,
			);
			name = Products;
			sourceTree = "<group>";
		};
		80D7F3AB2BBF23D100526274 /* ScoreCounter Watch App */ = {
			isa = PBXGroup;
			children = (
				80D7F3AC2BBF23D100526274 /* ScoreCounterApp.swift */,
				809698D82BC0A71A008047CE /* StartView.swift */,
				80D7F3AE2BBF23D100526274 /* CounterView.swift */,
				E15B7D612BD57470007830BD /* GameViewModel.swift */,
				80D7F3B02BBF23D300526274 /* Assets.xcassets */,
				E15B7D672BD57FA5007830BD /* ScoreCounter-Watch-App-Info.plist */,
				80D7F3B22BBF23D300526274 /* Preview Content */,
			);
			path = "ScoreCounter Watch App";
			sourceTree = "<group>";
		};
		80D7F3B22BBF23D300526274 /* Preview Content */ = {
			isa = PBXGroup;
			children = (
				80D7F3B32BBF23D300526274 /* Preview Assets.xcassets */,
			);
			path = "Preview Content";
			sourceTree = "<group>";
		};
/* End PBXGroup section */

/* Begin PBXNativeTarget section */
		80D7F3A02BBF23D100526274 /* ScoreCounter */ = {
			isa = PBXNativeTarget;
			buildConfigurationList = 80D7F3BB2BBF23D300526274 /* Build configuration list for PBXNativeTarget "ScoreCounter" */;
			buildPhases = (
				80D7F39F2BBF23D100526274 /* Resources */,
				80D7F3BA2BBF23D300526274 /* Embed Watch Content */,
			);
			buildRules = (
			);
			dependencies = (
				80D7F3AA2BBF23D100526274 /* PBXTargetDependency */,
			);
			name = ScoreCounter;
			productName = ScoreCounter;
			productReference = 80D7F3A12BBF23D100526274 /* ScoreCounter.app */;
			productType = "com.apple.product-type.application.watchapp2-container";
		};
		80D7F3A62BBF23D100526274 /* ScoreCounter Watch App */ = {
			isa = PBXNativeTarget;
			buildConfigurationList = 80D7F3B72BBF23D300526274 /* Build configuration list for PBXNativeTarget "ScoreCounter Watch App" */;
			buildPhases = (
				80D7F3A32BBF23D100526274 /* Sources */,
				80D7F3A42BBF23D100526274 /* Frameworks */,
				80D7F3A52BBF23D100526274 /* Resources */,
			);
			buildRules = (
			);
			dependencies = (
			);
			name = "ScoreCounter Watch App";
			productName = "ScoreCounter Watch App";
			productReference = 80D7F3A72BBF23D100526274 /* ScoreCounter Watch App.app */;
			productType = "com.apple.product-type.application";
		};
/* End PBXNativeTarget section */

/* Begin PBXProject section */
		80D7F39B2BBF23D100526274 /* Project object */ = {
			isa = PBXProject;
			attributes = {
				BuildIndependentTargetsInParallel = 1;
				LastSwiftUpdateCheck = 1500;
				LastUpgradeCheck = 1530;
				TargetAttributes = {
					80D7F3A02BBF23D100526274 = {
						CreatedOnToolsVersion = 15.0.1;
					};
					80D7F3A62BBF23D100526274 = {
						CreatedOnToolsVersion = 15.0.1;
					};
				};
			};
			buildConfigurationList = 80D7F39E2BBF23D100526274 /* Build configuration list for PBXProject "ScoreCounter" */;
			compatibilityVersion = "Xcode 14.0";
			developmentRegion = en;
			hasScannedForEncodings = 0;
			knownRegions = (
				en,
				Base,
			);
			mainGroup = 80D7F39A2BBF23D100526274;
			productRefGroup = 80D7F3A22BBF23D100526274 /* Products */;
			projectDirPath = "";
			projectRoot = "";
			targets = (
				80D7F3A02BBF23D100526274 /* ScoreCounter */,
				80D7F3A62BBF23D100526274 /* ScoreCounter Watch App */,
			);
		};
/* End PBXProject section */

/* Begin PBXResourcesBuildPhase section */
		80D7F39F2BBF23D100526274 /* Resources */ = {
			isa = PBXResourcesBuildPhase;
			buildActionMask = 2147483647;
			files = (
			);
			runOnlyForDeploymentPostprocessing = 0;
		};
		80D7F3A52BBF23D100526274 /* Resources */ = {
			isa = PBXResourcesBuildPhase;
			buildActionMask = 2147483647;
			files = (
				80D7F3B42BBF23D300526274 /* Preview Assets.xcassets in Resources */,
				80D7F3B12BBF23D300526274 /* Assets.xcassets in Resources */,
			);
			runOnlyForDeploymentPostprocessing = 0;
		};
/* End PBXResourcesBuildPhase section */

/* Begin PBXSourcesBuildPhase section */
		80D7F3A32BBF23D100526274 /* Sources */ = {
			isa = PBXSourcesBuildPhase;
			buildActionMask = 2147483647;
			files = (
				809698D92BC0A71A008047CE /* StartView.swift in Sources */,
				80D7F3AF2BBF23D100526274 /* CounterView.swift in Sources */,
				E15B7D622BD57470007830BD /* GameViewModel.swift in Sources */,
				80D7F3AD2BBF23D100526274 /* ScoreCounterApp.swift in Sources */,
			);
			runOnlyForDeploymentPostprocessing = 0;
		};
/* End PBXSourcesBuildPhase section */

/* Begin PBXTargetDependency section */
		80D7F3AA2BBF23D100526274 /* PBXTargetDependency */ = {
			isa = PBXTargetDependency;
			target = 80D7F3A62BBF23D100526274 /* ScoreCounter Watch App */;
			targetProxy = 80D7F3A92BBF23D100526274 /* PBXContainerItemProxy */;
		};
/* End PBXTargetDependency section */

/* Begin XCBuildConfiguration section */
		80D7F3B52BBF23D300526274 /* Debug */ = {
			isa = XCBuildConfiguration;
			buildSettings = {
				ALWAYS_SEARCH_USER_PATHS = NO;
				ASSETCATALOG_COMPILER_GENERATE_SWIFT_ASSET_SYMBOL_EXTENSIONS = YES;
				CLANG_ANALYZER_NONNULL = YES;
				CLANG_ANALYZER_NUMBER_OBJECT_CONVERSION = YES_AGGRESSIVE;
				CLANG_CXX_LANGUAGE_STANDARD = "gnu++20";
				CLANG_ENABLE_MODULES = YES;
				CLANG_ENABLE_OBJC_ARC = YES;
				CLANG_ENABLE_OBJC_WEAK = YES;
				CLANG_WARN_BLOCK_CAPTURE_AUTORELEASING = YES;
				CLANG_WARN_BOOL_CONVERSION = YES;
				CLANG_WARN_COMMA = YES;
				CLANG_WARN_CONSTANT_CONVERSION = YES;
				CLANG_WARN_DEPRECATED_OBJC_IMPLEMENTATIONS = YES;
				CLANG_WARN_DIRECT_OBJC_ISA_USAGE = YES_ERROR;
				CLANG_WARN_DOCUMENTATION_COMMENTS = YES;
				CLANG_WARN_EMPTY_BODY = YES;
				CLANG_WARN_ENUM_CONVERSION = YES;
				CLANG_WARN_INFINITE_RECURSION = YES;
				CLANG_WARN_INT_CONVERSION = YES;
				CLANG_WARN_NON_LITERAL_NULL_CONVERSION = YES;
				CLANG_WARN_OBJC_IMPLICIT_RETAIN_SELF = YES;
				CLANG_WARN_OBJC_LITERAL_CONVERSION = YES;
				CLANG_WARN_OBJC_ROOT_CLASS = YES_ERROR;
				CLANG_WARN_QUOTED_INCLUDE_IN_FRAMEWORK_HEADER = YES;
				CLANG_WARN_RANGE_LOOP_ANALYSIS = YES;
				CLANG_WARN_STRICT_PROTOTYPES = YES;
				CLANG_WARN_SUSPICIOUS_MOVE = YES;
				CLANG_WARN_UNGUARDED_AVAILABILITY = YES_AGGRESSIVE;
				CLANG_WARN_UNREACHABLE_CODE = YES;
				CLANG_WARN__DUPLICATE_METHOD_MATCH = YES;
				COPY_PHASE_STRIP = NO;
				DEAD_CODE_STRIPPING = YES;
				DEBUG_INFORMATION_FORMAT = dwarf;
				ENABLE_STRICT_OBJC_MSGSEND = YES;
				ENABLE_TESTABILITY = YES;
				ENABLE_USER_SCRIPT_SANDBOXING = YES;
				GCC_C_LANGUAGE_STANDARD = gnu17;
				GCC_DYNAMIC_NO_PIC = NO;
				GCC_NO_COMMON_BLOCKS = YES;
				GCC_OPTIMIZATION_LEVEL = 0;
				GCC_PREPROCESSOR_DEFINITIONS = (
					"DEBUG=1",
					"$(inherited)",
				);
				GCC_WARN_64_TO_32_BIT_CONVERSION = YES;
				GCC_WARN_ABOUT_RETURN_TYPE = YES_ERROR;
				GCC_WARN_UNDECLARED_SELECTOR = YES;
				GCC_WARN_UNINITIALIZED_AUTOS = YES_AGGRESSIVE;
				GCC_WARN_UNUSED_FUNCTION = YES;
				GCC_WARN_UNUSED_VARIABLE = YES;
				LOCALIZATION_PREFERS_STRING_CATALOGS = YES;
				MTL_ENABLE_DEBUG_INFO = INCLUDE_SOURCE;
				MTL_FAST_MATH = YES;
				ONLY_ACTIVE_ARCH = YES;
				SWIFT_ACTIVE_COMPILATION_CONDITIONS = "DEBUG $(inherited)";
				SWIFT_OPTIMIZATION_LEVEL = "-Onone";
			};
			name = Debug;
		};
		80D7F3B62BBF23D300526274 /* Release */ = {
			isa = XCBuildConfiguration;
			buildSettings = {
				ALWAYS_SEARCH_USER_PATHS = NO;
				ASSETCATALOG_COMPILER_GENERATE_SWIFT_ASSET_SYMBOL_EXTENSIONS = YES;
				CLANG_ANALYZER_NONNULL = YES;
				CLANG_ANALYZER_NUMBER_OBJECT_CONVERSION = YES_AGGRESSIVE;
				CLANG_CXX_LANGUAGE_STANDARD = "gnu++20";
				CLANG_ENABLE_MODULES = YES;
				CLANG_ENABLE_OBJC_ARC = YES;
				CLANG_ENABLE_OBJC_WEAK = YES;
				CLANG_WARN_BLOCK_CAPTURE_AUTORELEASING = YES;
				CLANG_WARN_BOOL_CONVERSION = YES;
				CLANG_WARN_COMMA = YES;
				CLANG_WARN_CONSTANT_CONVERSION = YES;
				CLANG_WARN_DEPRECATED_OBJC_IMPLEMENTATIONS = YES;
				CLANG_WARN_DIRECT_OBJC_ISA_USAGE = YES_ERROR;
				CLANG_WARN_DOCUMENTATION_COMMENTS = YES;
				CLANG_WARN_EMPTY_BODY = YES;
				CLANG_WARN_ENUM_CONVERSION = YES;
				CLANG_WARN_INFINITE_RECURSION = YES;
				CLANG_WARN_INT_CONVERSION = YES;
				CLANG_WARN_NON_LITERAL_NULL_CONVERSION = YES;
				CLANG_WARN_OBJC_IMPLICIT_RETAIN_SELF = YES;
				CLANG_WARN_OBJC_LITERAL_CONVERSION = YES;
				CLANG_WARN_OBJC_ROOT_CLASS = YES_ERROR;
				CLANG_WARN_QUOTED_INCLUDE_IN_FRAMEWORK_HEADER = YES;
				CLANG_WARN_RANGE_LOOP_ANALYSIS = YES;
				CLANG_WARN_STRICT_PROTOTYPES = YES;
				CLANG_WARN_SUSPICIOUS_MOVE = YES;
				CLANG_WARN_UNGUARDED_AVAILABILITY = YES_AGGRESSIVE;
				CLANG_WARN_UNREACHABLE_CODE = YES;
				CLANG_WARN__DUPLICATE_METHOD_MATCH = YES;
				COPY_PHASE_STRIP = NO;
				DEAD_CODE_STRIPPING = YES;
				DEBUG_INFORMATION_FORMAT = "dwarf-with-dsym";
				ENABLE_NS_ASSERTIONS = NO;
				ENABLE_STRICT_OBJC_MSGSEND = YES;
				ENABLE_USER_SCRIPT_SANDBOXING = YES;
				GCC_C_LANGUAGE_STANDARD = gnu17;
				GCC_NO_COMMON_BLOCKS = YES;
				GCC_WARN_64_TO_32_BIT_CONVERSION = YES;
				GCC_WARN_ABOUT_RETURN_TYPE = YES_ERROR;
				GCC_WARN_UNDECLARED_SELECTOR = YES;
				GCC_WARN_UNINITIALIZED_AUTOS = YES_AGGRESSIVE;
				GCC_WARN_UNUSED_FUNCTION = YES;
				GCC_WARN_UNUSED_VARIABLE = YES;
				LOCALIZATION_PREFERS_STRING_CATALOGS = YES;
				MTL_ENABLE_DEBUG_INFO = NO;
				MTL_FAST_MATH = YES;
				SWIFT_COMPILATION_MODE = wholemodule;
			};
			name = Release;
		};
		80D7F3B82BBF23D300526274 /* Debug */ = {
			isa = XCBuildConfiguration;
			buildSettings = {
				ASSETCATALOG_COMPILER_APPICON_NAME = AppIcon;
				ASSETCATALOG_COMPILER_GLOBAL_ACCENT_COLOR_NAME = AccentColor;
				CODE_SIGN_STYLE = Automatic;
				CURRENT_PROJECT_VERSION = 1;
				DEVELOPMENT_ASSET_PATHS = "";
				DEVELOPMENT_TEAM = Z3AC7YG7YK;
				ENABLE_PREVIEWS = YES;
				GENERATE_INFOPLIST_FILE = YES;
				INFOPLIST_FILE = "ScoreCounter-Watch-App-Info.plist";
				INFOPLIST_KEY_CFBundleDisplayName = ScoreCounter;
				INFOPLIST_KEY_UISupportedInterfaceOrientations = "UIInterfaceOrientationPortrait UIInterfaceOrientationPortraitUpsideDown";
				INFOPLIST_KEY_WKWatchOnly = YES;
				LD_RUNPATH_SEARCH_PATHS = (
					"$(inherited)",
					"@executable_path/Frameworks",
				);
				MARKETING_VERSION = 1.0;
				PRODUCT_BUNDLE_IDENTIFIER = com.az.ScoreCounter.watchkitapp;
				PRODUCT_NAME = "$(TARGET_NAME)";
				SDKROOT = watchos;
				SKIP_INSTALL = YES;
				SWIFT_EMIT_LOC_STRINGS = YES;
				SWIFT_VERSION = 5.0;
				TARGETED_DEVICE_FAMILY = 4;
				WATCHOS_DEPLOYMENT_TARGET = 10.0;
			};
			name = Debug;
		};
		80D7F3B92BBF23D300526274 /* Release */ = {
			isa = XCBuildConfiguration;
			buildSettings = {
				ASSETCATALOG_COMPILER_APPICON_NAME = AppIcon;
				ASSETCATALOG_COMPILER_GLOBAL_ACCENT_COLOR_NAME = AccentColor;
				CODE_SIGN_STYLE = Automatic;
				CURRENT_PROJECT_VERSION = 1;
				DEVELOPMENT_ASSET_PATHS = "";
				DEVELOPMENT_TEAM = Z3AC7YG7YK;
				ENABLE_PREVIEWS = YES;
				GENERATE_INFOPLIST_FILE = YES;
				INFOPLIST_FILE = "ScoreCounter-Watch-App-Info.plist";
				INFOPLIST_KEY_CFBundleDisplayName = ScoreCounter;
				INFOPLIST_KEY_UISupportedInterfaceOrientations = "UIInterfaceOrientationPortrait UIInterfaceOrientationPortraitUpsideDown";
				INFOPLIST_KEY_WKWatchOnly = YES;
				LD_RUNPATH_SEARCH_PATHS = (
					"$(inherited)",
					"@executable_path/Frameworks",
				);
				MARKETING_VERSION = 1.0;
				PRODUCT_BUNDLE_IDENTIFIER = com.az.ScoreCounter.watchkitapp;
				PRODUCT_NAME = "$(TARGET_NAME)";
				SDKROOT = watchos;
				SKIP_INSTALL = YES;
				SWIFT_EMIT_LOC_STRINGS = YES;
				SWIFT_VERSION = 5.0;
				TARGETED_DEVICE_FAMILY = 4;
				VALIDATE_PRODUCT = YES;
				WATCHOS_DEPLOYMENT_TARGET = 10.0;
			};
			name = Release;
		};
		80D7F3BC2BBF23D300526274 /* Debug */ = {
			isa = XCBuildConfiguration;
			buildSettings = {
				ALWAYS_EMBED_SWIFT_STANDARD_LIBRARIES = YES;
				CODE_SIGN_STYLE = Automatic;
				CURRENT_PROJECT_VERSION = 1;
				DEVELOPMENT_TEAM = Z3AC7YG7YK;
				INFOPLIST_KEY_CFBundleDisplayName = ScoreCounter;
				MARKETING_VERSION = 1.0;
				PRODUCT_BUNDLE_IDENTIFIER = com.az.ScoreCounter;
				PRODUCT_NAME = "$(TARGET_NAME)";
				SDKROOT = iphoneos;
				SWIFT_VERSION = 5.0;
			};
			name = Debug;
		};
		80D7F3BD2BBF23D300526274 /* Release */ = {
			isa = XCBuildConfiguration;
			buildSettings = {
				ALWAYS_EMBED_SWIFT_STANDARD_LIBRARIES = YES;
				CODE_SIGN_STYLE = Automatic;
				CURRENT_PROJECT_VERSION = 1;
				DEVELOPMENT_TEAM = Z3AC7YG7YK;
				INFOPLIST_KEY_CFBundleDisplayName = ScoreCounter;
				MARKETING_VERSION = 1.0;
				PRODUCT_BUNDLE_IDENTIFIER = com.az.ScoreCounter;
				PRODUCT_NAME = "$(TARGET_NAME)";
				SDKROOT = iphoneos;
				SWIFT_VERSION = 5.0;
				VALIDATE_PRODUCT = YES;
			};
			name = Release;
		};
/* End XCBuildConfiguration section */

/* Begin XCConfigurationList section */
		80D7F39E2BBF23D100526274 /* Build configuration list for PBXProject "ScoreCounter" */ = {
			isa = XCConfigurationList;
			buildConfigurations = (
				80D7F3B52BBF23D300526274 /* Debug */,
				80D7F3B62BBF23D300526274 /* Release */,
			);
			defaultConfigurationIsVisible = 0;
			defaultConfigurationName = Release;
		};
		80D7F3B72BBF23D300526274 /* Build configuration list for PBXNativeTarget "ScoreCounter Watch App" */ = {
			isa = XCConfigurationList;
			buildConfigurations = (
				80D7F3B82BBF23D300526274 /* Debug */,
				80D7F3B92BBF23D300526274 /* Release */,
			);
			defaultConfigurationIsVisible = 0;
			defaultConfigurationName = Release;
		};
		80D7F3BB2BBF23D300526274 /* Build configuration list for PBXNativeTarget "ScoreCounter" */ = {
			isa = XCConfigurationList;
			buildConfigurations = (
				80D7F3BC2BBF23D300526274 /* Debug */,
				80D7F3BD2BBF23D300526274 /* Release */,
			);
			defaultConfigurationIsVisible = 0;
			defaultConfigurationName = Release;
		};
/* End XCConfigurationList section */
	};
	rootObject = 80D7F39B2BBF23D100526274 /* Project object */;
}
